
Microsoft Visual Studio Solution File, Format Version 12.00
# Visual Studio Version 17
VisualStudioVersion = 17.2.32630.192
MinimumVisualStudioVersion = 10.0.40219.1
Project("{FAE04EC0-301F-11D3-BF4B-00C04F79EFBC}") = "R5T.D0106.A001", "R5T.D0106.A001\R5T.D0106.A001.csproj", "{9EA2B2A9-4DCC-46CE-B162-E7B464FE11D3}"
EndProject
Project("{FAE04EC0-301F-11D3-BF4B-00C04F79EFBC}") = "R5T.D0106.I001", "R5T.D0106.I001\R5T.D0106.I001.csproj", "{FE13B1F7-0B69-4523-925A-E43EB1A76C2C}"
EndProject
Project("{FAE04EC0-301F-11D3-BF4B-00C04F79EFBC}") = "R5T.D0106.Base", "R5T.D0106.Base\R5T.D0106.Base.csproj", "{BF021C1B-B460-41C9-9E25-88997CA61DB0}"
EndProject
Project("{2150E333-8FDC-42A3-9474-1A3956D46DE8}") = "_Dependencies", "_Dependencies", "{E5C96930-F187-4B89-A11C-9EB19B9C7B8D}"
EndProject
Project("{FAE04EC0-301F-11D3-BF4B-00C04F79EFBC}") = "R5T.Dacia.Extensions", "..\..\R5T.Dacia.Extensions\source\R5T.Dacia.Extensions\R5T.Dacia.Extensions.csproj", "{BE09B918-9026-404D-B979-DEC730B22094}"
EndProject
Project("{FAE04EC0-301F-11D3-BF4B-00C04F79EFBC}") = "R5T.Dacia.T002", "..\..\R5T.Dacia\source\R5T.Dacia.T002\R5T.Dacia.T002.csproj", "{EC269327-2E70-4357-896D-BFCEB928571F}"
EndProject
Project("{9A19103F-16F7-4668-BE54-9A1E7A4F7556}") = "R5T.Dacia", "..\..\R5T.Dacia\source\R5T.Dacia\R5T.Dacia.csproj", "{5722F160-F2CF-41D6-9064-8EAD0BDE9BC6}"
EndProject
Project("{9A19103F-16F7-4668-BE54-9A1E7A4F7556}") = "R5T.L0013", "..\..\R5T.L0013\source\R5T.L0013\R5T.L0013.csproj", "{DC1A7B27-EAB6-4795-AAFA-1D24E63F4C7E}"
EndProject
Project("{9A19103F-16F7-4668-BE54-9A1E7A4F7556}") = "R5T.T0039.T002", "..\..\R5T.T0039\source\R5T.T0039.T002\R5T.T0039.T002.csproj", "{D3E74454-4464-4754-A8C2-4D0DBD85B993}"
EndProject
Project("{9A19103F-16F7-4668-BE54-9A1E7A4F7556}") = "R5T.T0062.X001", "..\..\R5T.T0062\source\R5T.T0062.X001\R5T.T0062.X001.csproj", "{906D03A5-423B-439B-988D-6DB8D478D2E5}"
EndProject
Project("{9A19103F-16F7-4668-BE54-9A1E7A4F7556}") = "R5T.T0062", "..\..\R5T.T0062\source\R5T.T0062\R5T.T0062.csproj", "{4A90C2E6-CCEF-46AC-B8F3-D9392DFB2BDE}"
EndProject
Project("{9A19103F-16F7-4668-BE54-9A1E7A4F7556}") = "R5T.T0063", "..\..\R5T.T0063\source\R5T.T0063\R5T.T0063.csproj", "{257BE185-6909-4E87-A6F8-F376F31D5B3D}"
EndProject
Project("{9A19103F-16F7-4668-BE54-9A1E7A4F7556}") = "R5T.T0064", "..\..\R5T.T0064\source\R5T.T0064\R5T.T0064.csproj", "{C2192A32-04DD-41DE-ACEC-ED3AA63888FB}"
EndProject
Project("{9A19103F-16F7-4668-BE54-9A1E7A4F7556}") = "R5T.T0143", "..\..\R5T.T0143\source\R5T.T0143\R5T.T0143.csproj", "{62C94692-C483-4B5D-9B56-6DDE35BBAE82}"
EndProject
Global
	GlobalSection(NestedProjects) = preSolution
		{BE09B918-9026-404D-B979-DEC730B22094} = {E5C96930-F187-4B89-A11C-9EB19B9C7B8D}
		{EC269327-2E70-4357-896D-BFCEB928571F} = {E5C96930-F187-4B89-A11C-9EB19B9C7B8D}
		{5722F160-F2CF-41D6-9064-8EAD0BDE9BC6} = {E5C96930-F187-4B89-A11C-9EB19B9C7B8D}
		{DC1A7B27-EAB6-4795-AAFA-1D24E63F4C7E} = {E5C96930-F187-4B89-A11C-9EB19B9C7B8D}
		{D3E74454-4464-4754-A8C2-4D0DBD85B993} = {E5C96930-F187-4B89-A11C-9EB19B9C7B8D}
		{906D03A5-423B-439B-988D-6DB8D478D2E5} = {E5C96930-F187-4B89-A11C-9EB19B9C7B8D}
		{4A90C2E6-CCEF-46AC-B8F3-D9392DFB2BDE} = {E5C96930-F187-4B89-A11C-9EB19B9C7B8D}
		{257BE185-6909-4E87-A6F8-F376F31D5B3D} = {E5C96930-F187-4B89-A11C-9EB19B9C7B8D}
		{C2192A32-04DD-41DE-ACEC-ED3AA63888FB} = {E5C96930-F187-4B89-A11C-9EB19B9C7B8D}
		{62C94692-C483-4B5D-9B56-6DDE35BBAE82} = {E5C96930-F187-4B89-A11C-9EB19B9C7B8D}
	EndGlobalSection
	GlobalSection(SolutionConfigurationPlatforms) = preSolution
		Debug|Any CPU = Debug|Any CPU
		Debug|x64 = Debug|x64
		Debug|x86 = Debug|x86
		Release|Any CPU = Release|Any CPU
		Release|x64 = Release|x64
		Release|x86 = Release|x86
	EndGlobalSection
	GlobalSection(ProjectConfigurationPlatforms) = postSolution
		{9EA2B2A9-4DCC-46CE-B162-E7B464FE11D3}.Debug|Any CPU.ActiveCfg = Debug|Any CPU
		{9EA2B2A9-4DCC-46CE-B162-E7B464FE11D3}.Debug|Any CPU.Build.0 = Debug|Any CPU
		{9EA2B2A9-4DCC-46CE-B162-E7B464FE11D3}.Debug|x64.ActiveCfg = Debug|Any CPU
		{9EA2B2A9-4DCC-46CE-B162-E7B464FE11D3}.Debug|x64.Build.0 = Debug|Any CPU
		{9EA2B2A9-4DCC-46CE-B162-E7B464FE11D3}.Debug|x86.ActiveCfg = Debug|Any CPU
		{9EA2B2A9-4DCC-46CE-B162-E7B464FE11D3}.Debug|x86.Build.0 = Debug|Any CPU
		{9EA2B2A9-4DCC-46CE-B162-E7B464FE11D3}.Release|Any CPU.ActiveCfg = Release|Any CPU
		{9EA2B2A9-4DCC-46CE-B162-E7B464FE11D3}.Release|Any CPU.Build.0 = Release|Any CPU
		{9EA2B2A9-4DCC-46CE-B162-E7B464FE11D3}.Release|x64.ActiveCfg = Release|Any CPU
		{9EA2B2A9-4DCC-46CE-B162-E7B464FE11D3}.Release|x64.Build.0 = Release|Any CPU
		{9EA2B2A9-4DCC-46CE-B162-E7B464FE11D3}.Release|x86.ActiveCfg = Release|Any CPU
		{9EA2B2A9-4DCC-46CE-B162-E7B464FE11D3}.Release|x86.Build.0 = Release|Any CPU
		{FE13B1F7-0B69-4523-925A-E43EB1A76C2C}.Debug|Any CPU.ActiveCfg = Debug|Any CPU
		{FE13B1F7-0B69-4523-925A-E43EB1A76C2C}.Debug|Any CPU.Build.0 = Debug|Any CPU
		{FE13B1F7-0B69-4523-925A-E43EB1A76C2C}.Debug|x64.ActiveCfg = Debug|Any CPU
		{FE13B1F7-0B69-4523-925A-E43EB1A76C2C}.Debug|x64.Build.0 = Debug|Any CPU
		{FE13B1F7-0B69-4523-925A-E43EB1A76C2C}.Debug|x86.ActiveCfg = Debug|Any CPU
		{FE13B1F7-0B69-4523-925A-E43EB1A76C2C}.Debug|x86.Build.0 = Debug|Any CPU
		{FE13B1F7-0B69-4523-925A-E43EB1A76C2C}.Release|Any CPU.ActiveCfg = Release|Any CPU
		{FE13B1F7-0B69-4523-925A-E43EB1A76C2C}.Release|Any CPU.Build.0 = Release|Any CPU
		{FE13B1F7-0B69-4523-925A-E43EB1A76C2C}.Release|x64.ActiveCfg = Release|Any CPU
		{FE13B1F7-0B69-4523-925A-E43EB1A76C2C}.Release|x64.Build.0 = Release|Any CPU
		{FE13B1F7-0B69-4523-925A-E43EB1A76C2C}.Release|x86.ActiveCfg = Release|Any CPU
		{FE13B1F7-0B69-4523-925A-E43EB1A76C2C}.Release|x86.Build.0 = Release|Any CPU
		{BF021C1B-B460-41C9-9E25-88997CA61DB0}.Debug|Any CPU.ActiveCfg = Debug|Any CPU
		{BF021C1B-B460-41C9-9E25-88997CA61DB0}.Debug|Any CPU.Build.0 = Debug|Any CPU
		{BF021C1B-B460-41C9-9E25-88997CA61DB0}.Debug|x64.ActiveCfg = Debug|Any CPU
		{BF021C1B-B460-41C9-9E25-88997CA61DB0}.Debug|x64.Build.0 = Debug|Any CPU
		{BF021C1B-B460-41C9-9E25-88997CA61DB0}.Debug|x86.ActiveCfg = Debug|Any CPU
		{BF021C1B-B460-41C9-9E25-88997CA61DB0}.Debug|x86.Build.0 = Debug|Any CPU
		{BF021C1B-B460-41C9-9E25-88997CA61DB0}.Release|Any CPU.ActiveCfg = Release|Any CPU
		{BF021C1B-B460-41C9-9E25-88997CA61DB0}.Release|Any CPU.Build.0 = Release|Any CPU
		{BF021C1B-B460-41C9-9E25-88997CA61DB0}.Release|x64.ActiveCfg = Release|Any CPU
		{BF021C1B-B460-41C9-9E25-88997CA61DB0}.Release|x64.Build.0 = Release|Any CPU
		{BF021C1B-B460-41C9-9E25-88997CA61DB0}.Release|x86.ActiveCfg = Release|Any CPU
		{BF021C1B-B460-41C9-9E25-88997CA61DB0}.Release|x86.Build.0 = Release|Any CPU
		{BE09B918-9026-404D-B979-DEC730B22094}.Debug|Any CPU.ActiveCfg = Debug|Any CPU
		{BE09B918-9026-404D-B979-DEC730B22094}.Debug|Any CPU.Build.0 = Debug|Any CPU
		{BE09B918-9026-404D-B979-DEC730B22094}.Debug|x64.ActiveCfg = Debug|Any CPU
		{BE09B918-9026-404D-B979-DEC730B22094}.Debug|x64.Build.0 = Debug|Any CPU
		{BE09B918-9026-404D-B979-DEC730B22094}.Debug|x86.ActiveCfg = Debug|Any CPU
		{BE09B918-9026-404D-B979-DEC730B22094}.Debug|x86.Build.0 = Debug|Any CPU
		{BE09B918-9026-404D-B979-DEC730B22094}.Release|Any CPU.ActiveCfg = Release|Any CPU
		{BE09B918-9026-404D-B979-DEC730B22094}.Release|Any CPU.Build.0 = Release|Any CPU
		{BE09B918-9026-404D-B979-DEC730B22094}.Release|x64.ActiveCfg = Release|Any CPU
		{BE09B918-9026-404D-B979-DEC730B22094}.Release|x64.Build.0 = Release|Any CPU
		{BE09B918-9026-404D-B979-DEC730B22094}.Release|x86.ActiveCfg = Release|Any CPU
		{BE09B918-9026-404D-B979-DEC730B22094}.Release|x86.Build.0 = Release|Any CPU
		{EC269327-2E70-4357-896D-BFCEB928571F}.Debug|Any CPU.ActiveCfg = Debug|Any CPU
		{EC269327-2E70-4357-896D-BFCEB928571F}.Debug|Any CPU.Build.0 = Debug|Any CPU
		{EC269327-2E70-4357-896D-BFCEB928571F}.Debug|x64.ActiveCfg = Debug|Any CPU
		{EC269327-2E70-4357-896D-BFCEB928571F}.Debug|x64.Build.0 = Debug|Any CPU
		{EC269327-2E70-4357-896D-BFCEB928571F}.Debug|x86.ActiveCfg = Debug|Any CPU
		{EC269327-2E70-4357-896D-BFCEB928571F}.Debug|x86.Build.0 = Debug|Any CPU
		{EC269327-2E70-4357-896D-BFCEB928571F}.Release|Any CPU.ActiveCfg = Release|Any CPU
		{EC269327-2E70-4357-896D-BFCEB928571F}.Release|Any CPU.Build.0 = Release|Any CPU
		{EC269327-2E70-4357-896D-BFCEB928571F}.Release|x64.ActiveCfg = Release|Any CPU
		{EC269327-2E70-4357-896D-BFCEB928571F}.Release|x64.Build.0 = Release|Any CPU
		{EC269327-2E70-4357-896D-BFCEB928571F}.Release|x86.ActiveCfg = Release|Any CPU
		{EC269327-2E70-4357-896D-BFCEB928571F}.Release|x86.Build.0 = Release|Any CPU
		{5722F160-F2CF-41D6-9064-8EAD0BDE9BC6}.Debug|Any CPU.ActiveCfg = Debug|Any CPU
		{5722F160-F2CF-41D6-9064-8EAD0BDE9BC6}.Debug|Any CPU.Build.0 = Debug|Any CPU
		{5722F160-F2CF-41D6-9064-8EAD0BDE9BC6}.Debug|x64.ActiveCfg = Debug|Any CPU
		{5722F160-F2CF-41D6-9064-8EAD0BDE9BC6}.Debug|x64.Build.0 = Debug|Any CPU
		{5722F160-F2CF-41D6-9064-8EAD0BDE9BC6}.Debug|x86.ActiveCfg = Debug|Any CPU
		{5722F160-F2CF-41D6-9064-8EAD0BDE9BC6}.Debug|x86.Build.0 = Debug|Any CPU
		{5722F160-F2CF-41D6-9064-8EAD0BDE9BC6}.Release|Any CPU.ActiveCfg = Release|Any CPU
		{5722F160-F2CF-41D6-9064-8EAD0BDE9BC6}.Release|Any CPU.Build.0 = Release|Any CPU
		{5722F160-F2CF-41D6-9064-8EAD0BDE9BC6}.Release|x64.ActiveCfg = Release|Any CPU
		{5722F160-F2CF-41D6-9064-8EAD0BDE9BC6}.Release|x64.Build.0 = Release|Any CPU
		{5722F160-F2CF-41D6-9064-8EAD0BDE9BC6}.Release|x86.ActiveCfg = Release|Any CPU
		{5722F160-F2CF-41D6-9064-8EAD0BDE9BC6}.Release|x86.Build.0 = Release|Any CPU
		{DC1A7B27-EAB6-4795-AAFA-1D24E63F4C7E}.Debug|Any CPU.ActiveCfg = Debug|Any CPU
		{DC1A7B27-EAB6-4795-AAFA-1D24E63F4C7E}.Debug|Any CPU.Build.0 = Debug|Any CPU
		{DC1A7B27-EAB6-4795-AAFA-1D24E63F4C7E}.Debug|x64.ActiveCfg = Debug|Any CPU
		{DC1A7B27-EAB6-4795-AAFA-1D24E63F4C7E}.Debug|x64.Build.0 = Debug|Any CPU
		{DC1A7B27-EAB6-4795-AAFA-1D24E63F4C7E}.Debug|x86.ActiveCfg = Debug|Any CPU
		{DC1A7B27-EAB6-4795-AAFA-1D24E63F4C7E}.Debug|x86.Build.0 = Debug|Any CPU
		{DC1A7B27-EAB6-4795-AAFA-1D24E63F4C7E}.Release|Any CPU.ActiveCfg = Release|Any CPU
		{DC1A7B27-EAB6-4795-AAFA-1D24E63F4C7E}.Release|Any CPU.Build.0 = Release|Any CPU
		{DC1A7B27-EAB6-4795-AAFA-1D24E63F4C7E}.Release|x64.ActiveCfg = Release|Any CPU
		{DC1A7B27-EAB6-4795-AAFA-1D24E63F4C7E}.Release|x64.Build.0 = Release|Any CPU
		{DC1A7B27-EAB6-4795-AAFA-1D24E63F4C7E}.Release|x86.ActiveCfg = Release|Any CPU
		{DC1A7B27-EAB6-4795-AAFA-1D24E63F4C7E}.Release|x86.Build.0 = Release|Any CPU
		{D3E74454-4464-4754-A8C2-4D0DBD85B993}.Debug|Any CPU.ActiveCfg = Debug|Any CPU
		{D3E74454-4464-4754-A8C2-4D0DBD85B993}.Debug|Any CPU.Build.0 = Debug|Any CPU
		{D3E74454-4464-4754-A8C2-4D0DBD85B993}.Debug|x64.ActiveCfg = Debug|Any CPU
		{D3E74454-4464-4754-A8C2-4D0DBD85B993}.Debug|x64.Build.0 = Debug|Any CPU
		{D3E74454-4464-4754-A8C2-4D0DBD85B993}.Debug|x86.ActiveCfg = Debug|Any CPU
		{D3E74454-4464-4754-A8C2-4D0DBD85B993}.Debug|x86.Build.0 = Debug|Any CPU
		{D3E74454-4464-4754-A8C2-4D0DBD85B993}.Release|Any CPU.ActiveCfg = Release|Any CPU
		{D3E74454-4464-4754-A8C2-4D0DBD85B993}.Release|Any CPU.Build.0 = Release|Any CPU
		{D3E74454-4464-4754-A8C2-4D0DBD85B993}.Release|x64.ActiveCfg = Release|Any CPU
		{D3E74454-4464-4754-A8C2-4D0DBD85B993}.Release|x64.Build.0 = Release|Any CPU
		{D3E74454-4464-4754-A8C2-4D0DBD85B993}.Release|x86.ActiveCfg = Release|Any CPU
		{D3E74454-4464-4754-A8C2-4D0DBD85B993}.Release|x86.Build.0 = Release|Any CPU
		{906D03A5-423B-439B-988D-6DB8D478D2E5}.Debug|Any CPU.ActiveCfg = Debug|Any CPU
		{906D03A5-423B-439B-988D-6DB8D478D2E5}.Debug|Any CPU.Build.0 = Debug|Any CPU
		{906D03A5-423B-439B-988D-6DB8D478D2E5}.Debug|x64.ActiveCfg = Debug|Any CPU
		{906D03A5-423B-439B-988D-6DB8D478D2E5}.Debug|x64.Build.0 = Debug|Any CPU
		{906D03A5-423B-439B-988D-6DB8D478D2E5}.Debug|x86.ActiveCfg = Debug|Any CPU
		{906D03A5-423B-439B-988D-6DB8D478D2E5}.Debug|x86.Build.0 = Debug|Any CPU
		{906D03A5-423B-439B-988D-6DB8D478D2E5}.Release|Any CPU.ActiveCfg = Release|Any CPU
		{906D03A5-423B-439B-988D-6DB8D478D2E5}.Release|Any CPU.Build.0 = Release|Any CPU
		{906D03A5-423B-439B-988D-6DB8D478D2E5}.Release|x64.ActiveCfg = Release|Any CPU
		{906D03A5-423B-439B-988D-6DB8D478D2E5}.Release|x64.Build.0 = Release|Any CPU
		{906D03A5-423B-439B-988D-6DB8D478D2E5}.Release|x86.ActiveCfg = Release|Any CPU
		{906D03A5-423B-439B-988D-6DB8D478D2E5}.Release|x86.Build.0 = Release|Any CPU
		{4A90C2E6-CCEF-46AC-B8F3-D9392DFB2BDE}.Debug|Any CPU.ActiveCfg = Debug|Any CPU
		{4A90C2E6-CCEF-46AC-B8F3-D9392DFB2BDE}.Debug|Any CPU.Build.0 = Debug|Any CPU
		{4A90C2E6-CCEF-46AC-B8F3-D9392DFB2BDE}.Debug|x64.ActiveCfg = Debug|Any CPU
		{4A90C2E6-CCEF-46AC-B8F3-D9392DFB2BDE}.Debug|x64.Build.0 = Debug|Any CPU
		{4A90C2E6-CCEF-46AC-B8F3-D9392DFB2BDE}.Debug|x86.ActiveCfg = Debug|Any CPU
		{4A90C2E6-CCEF-46AC-B8F3-D9392DFB2BDE}.Debug|x86.Build.0 = Debug|Any CPU
		{4A90C2E6-CCEF-46AC-B8F3-D9392DFB2BDE}.Release|Any CPU.ActiveCfg = Release|Any CPU
		{4A90C2E6-CCEF-46AC-B8F3-D9392DFB2BDE}.Release|Any CPU.Build.0 = Release|Any CPU
		{4A90C2E6-CCEF-46AC-B8F3-D9392DFB2BDE}.Release|x64.ActiveCfg = Release|Any CPU
		{4A90C2E6-CCEF-46AC-B8F3-D9392DFB2BDE}.Release|x64.Build.0 = Release|Any CPU
		{4A90C2E6-CCEF-46AC-B8F3-D9392DFB2BDE}.Release|x86.ActiveCfg = Release|Any CPU
		{4A90C2E6-CCEF-46AC-B8F3-D9392DFB2BDE}.Release|x86.Build.0 = Release|Any CPU
		{257BE185-6909-4E87-A6F8-F376F31D5B3D}.Debug|Any CPU.ActiveCfg = Debug|Any CPU
		{257BE185-6909-4E87-A6F8-F376F31D5B3D}.Debug|Any CPU.Build.0 = Debug|Any CPU
		{257BE185-6909-4E87-A6F8-F376F31D5B3D}.Debug|x64.ActiveCfg = Debug|Any CPU
		{257BE185-6909-4E87-A6F8-F376F31D5B3D}.Debug|x64.Build.0 = Debug|Any CPU
		{257BE185-6909-4E87-A6F8-F376F31D5B3D}.Debug|x86.ActiveCfg = Debug|Any CPU
		{257BE185-6909-4E87-A6F8-F376F31D5B3D}.Debug|x86.Build.0 = Debug|Any CPU
		{257BE185-6909-4E87-A6F8-F376F31D5B3D}.Release|Any CPU.ActiveCfg = Release|Any CPU
		{257BE185-6909-4E87-A6F8-F376F31D5B3D}.Release|Any CPU.Build.0 = Release|Any CPU
		{257BE185-6909-4E87-A6F8-F376F31D5B3D}.Release|x64.ActiveCfg = Release|Any CPU
		{257BE185-6909-4E87-A6F8-F376F31D5B3D}.Release|x64.Build.0 = Release|Any CPU
		{257BE185-6909-4E87-A6F8-F376F31D5B3D}.Release|x86.ActiveCfg = Release|Any CPU
		{257BE185-6909-4E87-A6F8-F376F31D5B3D}.Release|x86.Build.0 = Release|Any CPU
		{C2192A32-04DD-41DE-ACEC-ED3AA63888FB}.Debug|Any CPU.ActiveCfg = Debug|Any CPU
		{C2192A32-04DD-41DE-ACEC-ED3AA63888FB}.Debug|Any CPU.Build.0 = Debug|Any CPU
		{C2192A32-04DD-41DE-ACEC-ED3AA63888FB}.Debug|x64.ActiveCfg = Debug|Any CPU
		{C2192A32-04DD-41DE-ACEC-ED3AA63888FB}.Debug|x64.Build.0 = Debug|Any CPU
		{C2192A32-04DD-41DE-ACEC-ED3AA63888FB}.Debug|x86.ActiveCfg = Debug|Any CPU
		{C2192A32-04DD-41DE-ACEC-ED3AA63888FB}.Debug|x86.Build.0 = Debug|Any CPU
		{C2192A32-04DD-41DE-ACEC-ED3AA63888FB}.Release|Any CPU.ActiveCfg = Release|Any CPU
		{C2192A32-04DD-41DE-ACEC-ED3AA63888FB}.Release|Any CPU.Build.0 = Release|Any CPU
		{C2192A32-04DD-41DE-ACEC-ED3AA63888FB}.Release|x64.ActiveCfg = Release|Any CPU
		{C2192A32-04DD-41DE-ACEC-ED3AA63888FB}.Release|x64.Build.0 = Release|Any CPU
		{C2192A32-04DD-41DE-ACEC-ED3AA63888FB}.Release|x86.ActiveCfg = Release|Any CPU
		{C2192A32-04DD-41DE-ACEC-ED3AA63888FB}.Release|x86.Build.0 = Release|Any CPU
		{62C94692-C483-4B5D-9B56-6DDE35BBAE82}.Debug|Any CPU.ActiveCfg = Debug|Any CPU
		{62C94692-C483-4B5D-9B56-6DDE35BBAE82}.Debug|Any CPU.Build.0 = Debug|Any CPU
		{62C94692-C483-4B5D-9B56-6DDE35BBAE82}.Debug|x64.ActiveCfg = Debug|Any CPU
		{62C94692-C483-4B5D-9B56-6DDE35BBAE82}.Debug|x64.Build.0 = Debug|Any CPU
		{62C94692-C483-4B5D-9B56-6DDE35BBAE82}.Debug|x86.ActiveCfg = Debug|Any CPU
		{62C94692-C483-4B5D-9B56-6DDE35BBAE82}.Debug|x86.Build.0 = Debug|Any CPU
		{62C94692-C483-4B5D-9B56-6DDE35BBAE82}.Release|Any CPU.ActiveCfg = Release|Any CPU
		{62C94692-C483-4B5D-9B56-6DDE35BBAE82}.Release|Any CPU.Build.0 = Release|Any CPU
		{62C94692-C483-4B5D-9B56-6DDE35BBAE82}.Release|x64.ActiveCfg = Release|Any CPU
		{62C94692-C483-4B5D-9B56-6DDE35BBAE82}.Release|x64.Build.0 = Release|Any CPU
		{62C94692-C483-4B5D-9B56-6DDE35BBAE82}.Release|x86.ActiveCfg = Release|Any CPU
		{62C94692-C483-4B5D-9B56-6DDE35BBAE82}.Release|x86.Build.0 = Release|Any CPU
	EndGlobalSection
	GlobalSection(SolutionProperties) = preSolution
		HideSolutionNode = FALSE
	EndGlobalSection
EndGlobal
