
Microsoft Visual Studio Solution File, Format Version 12.00
# Visual Studio Version 16
VisualStudioVersion = 16.6.30114.105
MinimumVisualStudioVersion = 10.0.40219.1
Project("{FAE04EC0-301F-11D3-BF4B-00C04F79EFBC}") = "R5T.D0106.A001", "R5T.D0106.A001\R5T.D0106.A001.csproj", "{9EA2B2A9-4DCC-46CE-B162-E7B464FE11D3}"
EndProject
Project("{FAE04EC0-301F-11D3-BF4B-00C04F79EFBC}") = "R5T.D0106.I001", "R5T.D0106.I001\R5T.D0106.I001.csproj", "{FE13B1F7-0B69-4523-925A-E43EB1A76C2C}"
EndProject
Project("{FAE04EC0-301F-11D3-BF4B-00C04F79EFBC}") = "R5T.D0106.Base", "R5T.D0106.Base\R5T.D0106.Base.csproj", "{BF021C1B-B460-41C9-9E25-88997CA61DB0}"
EndProject
Project("{2150E333-8FDC-42A3-9474-1A3956D46DE8}") = "_Dependencies", "_Dependencies", "{E5C96930-F187-4B89-A11C-9EB19B9C7B8D}"
EndProject
Project("{FAE04EC0-301F-11D3-BF4B-00C04F79EFBC}") = "R5T.Dacia.Extensions", "..\..\R5T.Dacia.Extensions\source\R5T.Dacia.Extensions\R5T.Dacia.Extensions.csproj", "{BE09B918-9026-404D-B979-DEC730B22094}"
EndProject
Project("{FAE04EC0-301F-11D3-BF4B-00C04F79EFBC}") = "R5T.Dacia.T002", "..\..\R5T.Dacia\source\R5T.Dacia.T002\R5T.Dacia.T002.csproj", "{EC269327-2E70-4357-896D-BFCEB928571F}"
EndProject
Global
	GlobalSection(SolutionConfigurationPlatforms) = preSolution
		Debug|Any CPU = Debug|Any CPU
		Debug|x64 = Debug|x64
		Debug|x86 = Debug|x86
		Release|Any CPU = Release|Any CPU
		Release|x64 = Release|x64
		Release|x86 = Release|x86
	EndGlobalSection
	GlobalSection(SolutionProperties) = preSolution
		HideSolutionNode = FALSE
	EndGlobalSection
	GlobalSection(ProjectConfigurationPlatforms) = postSolution
		{9EA2B2A9-4DCC-46CE-B162-E7B464FE11D3}.Debug|Any CPU.ActiveCfg = Debug|Any CPU
		{9EA2B2A9-4DCC-46CE-B162-E7B464FE11D3}.Debug|Any CPU.Build.0 = Debug|Any CPU
		{9EA2B2A9-4DCC-46CE-B162-E7B464FE11D3}.Debug|x64.ActiveCfg = Debug|Any CPU
		{9EA2B2A9-4DCC-46CE-B162-E7B464FE11D3}.Debug|x64.Build.0 = Debug|Any CPU
		{9EA2B2A9-4DCC-46CE-B162-E7B464FE11D3}.Debug|x86.ActiveCfg = Debug|Any CPU
		{9EA2B2A9-4DCC-46CE-B162-E7B464FE11D3}.Debug|x86.Build.0 = Debug|Any CPU
		{9EA2B2A9-4DCC-46CE-B162-E7B464FE11D3}.Release|Any CPU.ActiveCfg = Release|Any CPU
		{9EA2B2A9-4DCC-46CE-B162-E7B464FE11D3}.Release|Any CPU.Build.0 = Release|Any CPU
		{9EA2B2A9-4DCC-46CE-B162-E7B464FE11D3}.Release|x64.ActiveCfg = Release|Any CPU
		{9EA2B2A9-4DCC-46CE-B162-E7B464FE11D3}.Release|x64.Build.0 = Release|Any CPU
		{9EA2B2A9-4DCC-46CE-B162-E7B464FE11D3}.Release|x86.ActiveCfg = Release|Any CPU
		{9EA2B2A9-4DCC-46CE-B162-E7B464FE11D3}.Release|x86.Build.0 = Release|Any CPU
		{FE13B1F7-0B69-4523-925A-E43EB1A76C2C}.Debug|Any CPU.ActiveCfg = Debug|Any CPU
		{FE13B1F7-0B69-4523-925A-E43EB1A76C2C}.Debug|Any CPU.Build.0 = Debug|Any CPU
		{FE13B1F7-0B69-4523-925A-E43EB1A76C2C}.Debug|x64.ActiveCfg = Debug|Any CPU
		{FE13B1F7-0B69-4523-925A-E43EB1A76C2C}.Debug|x64.Build.0 = Debug|Any CPU
		{FE13B1F7-0B69-4523-925A-E43EB1A76C2C}.Debug|x86.ActiveCfg = Debug|Any CPU
		{FE13B1F7-0B69-4523-925A-E43EB1A76C2C}.Debug|x86.Build.0 = Debug|Any CPU
		{FE13B1F7-0B69-4523-925A-E43EB1A76C2C}.Release|Any CPU.ActiveCfg = Release|Any CPU
		{FE13B1F7-0B69-4523-925A-E43EB1A76C2C}.Release|Any CPU.Build.0 = Release|Any CPU
		{FE13B1F7-0B69-4523-925A-E43EB1A76C2C}.Release|x64.ActiveCfg = Release|Any CPU
		{FE13B1F7-0B69-4523-925A-E43EB1A76C2C}.Release|x64.Build.0 = Release|Any CPU
		{FE13B1F7-0B69-4523-925A-E43EB1A76C2C}.Release|x86.ActiveCfg = Release|Any CPU
		{FE13B1F7-0B69-4523-925A-E43EB1A76C2C}.Release|x86.Build.0 = Release|Any CPU
		{BF021C1B-B460-41C9-9E25-88997CA61DB0}.Debug|Any CPU.ActiveCfg = Debug|Any CPU
		{BF021C1B-B460-41C9-9E25-88997CA61DB0}.Debug|Any CPU.Build.0 = Debug|Any CPU
		{BF021C1B-B460-41C9-9E25-88997CA61DB0}.Debug|x64.ActiveCfg = Debug|Any CPU
		{BF021C1B-B460-41C9-9E25-88997CA61DB0}.Debug|x64.Build.0 = Debug|Any CPU
		{BF021C1B-B460-41C9-9E25-88997CA61DB0}.Debug|x86.ActiveCfg = Debug|Any CPU
		{BF021C1B-B460-41C9-9E25-88997CA61DB0}.Debug|x86.Build.0 = Debug|Any CPU
		{BF021C1B-B460-41C9-9E25-88997CA61DB0}.Release|Any CPU.ActiveCfg = Release|Any CPU
		{BF021C1B-B460-41C9-9E25-88997CA61DB0}.Release|Any CPU.Build.0 = Release|Any CPU
		{BF021C1B-B460-41C9-9E25-88997CA61DB0}.Release|x64.ActiveCfg = Release|Any CPU
		{BF021C1B-B460-41C9-9E25-88997CA61DB0}.Release|x64.Build.0 = Release|Any CPU
		{BF021C1B-B460-41C9-9E25-88997CA61DB0}.Release|x86.ActiveCfg = Release|Any CPU
		{BF021C1B-B460-41C9-9E25-88997CA61DB0}.Release|x86.Build.0 = Release|Any CPU
		{BE09B918-9026-404D-B979-DEC730B22094}.Debug|Any CPU.ActiveCfg = Debug|Any CPU
		{BE09B918-9026-404D-B979-DEC730B22094}.Debug|Any CPU.Build.0 = Debug|Any CPU
		{BE09B918-9026-404D-B979-DEC730B22094}.Debug|x64.ActiveCfg = Debug|Any CPU
		{BE09B918-9026-404D-B979-DEC730B22094}.Debug|x64.Build.0 = Debug|Any CPU
		{BE09B918-9026-404D-B979-DEC730B22094}.Debug|x86.ActiveCfg = Debug|Any CPU
		{BE09B918-9026-404D-B979-DEC730B22094}.Debug|x86.Build.0 = Debug|Any CPU
		{BE09B918-9026-404D-B979-DEC730B22094}.Release|Any CPU.ActiveCfg = Release|Any CPU
		{BE09B918-9026-404D-B979-DEC730B22094}.Release|Any CPU.Build.0 = Release|Any CPU
		{BE09B918-9026-404D-B979-DEC730B22094}.Release|x64.ActiveCfg = Release|Any CPU
		{BE09B918-9026-404D-B979-DEC730B22094}.Release|x64.Build.0 = Release|Any CPU
		{BE09B918-9026-404D-B979-DEC730B22094}.Release|x86.ActiveCfg = Release|Any CPU
		{BE09B918-9026-404D-B979-DEC730B22094}.Release|x86.Build.0 = Release|Any CPU
		{EC269327-2E70-4357-896D-BFCEB928571F}.Debug|Any CPU.ActiveCfg = Debug|Any CPU
		{EC269327-2E70-4357-896D-BFCEB928571F}.Debug|Any CPU.Build.0 = Debug|Any CPU
		{EC269327-2E70-4357-896D-BFCEB928571F}.Debug|x64.ActiveCfg = Debug|Any CPU
		{EC269327-2E70-4357-896D-BFCEB928571F}.Debug|x64.Build.0 = Debug|Any CPU
		{EC269327-2E70-4357-896D-BFCEB928571F}.Debug|x86.ActiveCfg = Debug|Any CPU
		{EC269327-2E70-4357-896D-BFCEB928571F}.Debug|x86.Build.0 = Debug|Any CPU
		{EC269327-2E70-4357-896D-BFCEB928571F}.Release|Any CPU.ActiveCfg = Release|Any CPU
		{EC269327-2E70-4357-896D-BFCEB928571F}.Release|Any CPU.Build.0 = Release|Any CPU
		{EC269327-2E70-4357-896D-BFCEB928571F}.Release|x64.ActiveCfg = Release|Any CPU
		{EC269327-2E70-4357-896D-BFCEB928571F}.Release|x64.Build.0 = Release|Any CPU
		{EC269327-2E70-4357-896D-BFCEB928571F}.Release|x86.ActiveCfg = Release|Any CPU
		{EC269327-2E70-4357-896D-BFCEB928571F}.Release|x86.Build.0 = Release|Any CPU
	EndGlobalSection
	GlobalSection(NestedProjects) = preSolution
		{BE09B918-9026-404D-B979-DEC730B22094} = {E5C96930-F187-4B89-A11C-9EB19B9C7B8D}
		{EC269327-2E70-4357-896D-BFCEB928571F} = {E5C96930-F187-4B89-A11C-9EB19B9C7B8D}
	EndGlobalSection
EndGlobal
