
Microsoft Visual Studio Solution File, Format Version 12.00
# Visual Studio Version 16
VisualStudioVersion = 16.6.30114.105
MinimumVisualStudioVersion = 10.0.40219.1
Project("{9A19103F-16F7-4668-BE54-9A1E7A4F7556}") = "R5T.D0106.Base", "R5T.D0106.Base\R5T.D0106.Base.csproj", "{6B5BE750-3B93-49A0-B2F3-05A9C7F331C2}"
EndProject
Project("{2150E333-8FDC-42A3-9474-1A3956D46DE8}") = "_Dependencies", "_Dependencies", "{A0B22A16-88D7-4C0C-AD08-97AC8C06AF87}"
EndProject
Project("{9A19103F-16F7-4668-BE54-9A1E7A4F7556}") = "R5T.D0106.I001", "R5T.D0106.I001\R5T.D0106.I001.csproj", "{92E3F4C2-7281-4A5B-9D94-BE406668DDD0}"
EndProject
Project("{9A19103F-16F7-4668-BE54-9A1E7A4F7556}") = "R5T.T0064", "..\..\R5T.T0064\source\R5T.T0064\R5T.T0064.csproj", "{0CF98307-D282-4DE9-A17B-4BAA39041384}"
EndProject
Project("{9A19103F-16F7-4668-BE54-9A1E7A4F7556}") = "R5T.T0062.X001", "..\..\R5T.T0062\source\R5T.T0062.X001\R5T.T0062.X001.csproj", "{9798357F-316C-45C0-9A89-C40A04494C43}"
EndProject
Project("{9A19103F-16F7-4668-BE54-9A1E7A4F7556}") = "R5T.D0106.D002.Base", "R5T.D0106.D002.Base\R5T.D0106.D002.Base.csproj", "{D029B3C6-D965-4044-A0E0-27EFC75C7CFD}"
EndProject
Project("{9A19103F-16F7-4668-BE54-9A1E7A4F7556}") = "R5T.D0106.D002.I001", "R5T.D0106.D002.I001\R5T.D0106.D002.I001.csproj", "{6A89B7CC-A6C0-454D-9B76-59BCA60F78C7}"
EndProject
Project("{9A19103F-16F7-4668-BE54-9A1E7A4F7556}") = "R5T.Magyar", "..\..\R5T.Magyar\source\R5T.Magyar\R5T.Magyar.csproj", "{CF574083-F711-43CD-9C77-F51125FEA5E3}"
EndProject
Project("{9A19103F-16F7-4668-BE54-9A1E7A4F7556}") = "R5T.D0107.Base", "..\..\R5T.D0107\source\R5T.D0107.Base\R5T.D0107.Base.csproj", "{407C5B77-F3B0-4ECB-A99A-E592C0678E47}"
EndProject
Project("{9A19103F-16F7-4668-BE54-9A1E7A4F7556}") = "R5T.D0103.Base", "..\..\R5T.D0103\source\R5T.D0103.Base\R5T.D0103.Base.csproj", "{38C431A7-9CD0-45B8-A3A1-BA71CE542B3C}"
EndProject
Global
	GlobalSection(SolutionConfigurationPlatforms) = preSolution
		Debug|Any CPU = Debug|Any CPU
		Debug|x64 = Debug|x64
		Debug|x86 = Debug|x86
		Release|Any CPU = Release|Any CPU
		Release|x64 = Release|x64
		Release|x86 = Release|x86
	EndGlobalSection
	GlobalSection(ProjectConfigurationPlatforms) = postSolution
		{6B5BE750-3B93-49A0-B2F3-05A9C7F331C2}.Debug|Any CPU.ActiveCfg = Debug|Any CPU
		{6B5BE750-3B93-49A0-B2F3-05A9C7F331C2}.Debug|Any CPU.Build.0 = Debug|Any CPU
		{6B5BE750-3B93-49A0-B2F3-05A9C7F331C2}.Debug|x64.ActiveCfg = Debug|Any CPU
		{6B5BE750-3B93-49A0-B2F3-05A9C7F331C2}.Debug|x64.Build.0 = Debug|Any CPU
		{6B5BE750-3B93-49A0-B2F3-05A9C7F331C2}.Debug|x86.ActiveCfg = Debug|Any CPU
		{6B5BE750-3B93-49A0-B2F3-05A9C7F331C2}.Debug|x86.Build.0 = Debug|Any CPU
		{6B5BE750-3B93-49A0-B2F3-05A9C7F331C2}.Release|Any CPU.ActiveCfg = Release|Any CPU
		{6B5BE750-3B93-49A0-B2F3-05A9C7F331C2}.Release|Any CPU.Build.0 = Release|Any CPU
		{6B5BE750-3B93-49A0-B2F3-05A9C7F331C2}.Release|x64.ActiveCfg = Release|Any CPU
		{6B5BE750-3B93-49A0-B2F3-05A9C7F331C2}.Release|x64.Build.0 = Release|Any CPU
		{6B5BE750-3B93-49A0-B2F3-05A9C7F331C2}.Release|x86.ActiveCfg = Release|Any CPU
		{6B5BE750-3B93-49A0-B2F3-05A9C7F331C2}.Release|x86.Build.0 = Release|Any CPU
		{92E3F4C2-7281-4A5B-9D94-BE406668DDD0}.Debug|Any CPU.ActiveCfg = Debug|Any CPU
		{92E3F4C2-7281-4A5B-9D94-BE406668DDD0}.Debug|Any CPU.Build.0 = Debug|Any CPU
		{92E3F4C2-7281-4A5B-9D94-BE406668DDD0}.Debug|x64.ActiveCfg = Debug|Any CPU
		{92E3F4C2-7281-4A5B-9D94-BE406668DDD0}.Debug|x64.Build.0 = Debug|Any CPU
		{92E3F4C2-7281-4A5B-9D94-BE406668DDD0}.Debug|x86.ActiveCfg = Debug|Any CPU
		{92E3F4C2-7281-4A5B-9D94-BE406668DDD0}.Debug|x86.Build.0 = Debug|Any CPU
		{92E3F4C2-7281-4A5B-9D94-BE406668DDD0}.Release|Any CPU.ActiveCfg = Release|Any CPU
		{92E3F4C2-7281-4A5B-9D94-BE406668DDD0}.Release|Any CPU.Build.0 = Release|Any CPU
		{92E3F4C2-7281-4A5B-9D94-BE406668DDD0}.Release|x64.ActiveCfg = Release|Any CPU
		{92E3F4C2-7281-4A5B-9D94-BE406668DDD0}.Release|x64.Build.0 = Release|Any CPU
		{92E3F4C2-7281-4A5B-9D94-BE406668DDD0}.Release|x86.ActiveCfg = Release|Any CPU
		{92E3F4C2-7281-4A5B-9D94-BE406668DDD0}.Release|x86.Build.0 = Release|Any CPU
		{0CF98307-D282-4DE9-A17B-4BAA39041384}.Debug|Any CPU.ActiveCfg = Debug|Any CPU
		{0CF98307-D282-4DE9-A17B-4BAA39041384}.Debug|Any CPU.Build.0 = Debug|Any CPU
		{0CF98307-D282-4DE9-A17B-4BAA39041384}.Debug|x64.ActiveCfg = Debug|Any CPU
		{0CF98307-D282-4DE9-A17B-4BAA39041384}.Debug|x64.Build.0 = Debug|Any CPU
		{0CF98307-D282-4DE9-A17B-4BAA39041384}.Debug|x86.ActiveCfg = Debug|Any CPU
		{0CF98307-D282-4DE9-A17B-4BAA39041384}.Debug|x86.Build.0 = Debug|Any CPU
		{0CF98307-D282-4DE9-A17B-4BAA39041384}.Release|Any CPU.ActiveCfg = Release|Any CPU
		{0CF98307-D282-4DE9-A17B-4BAA39041384}.Release|Any CPU.Build.0 = Release|Any CPU
		{0CF98307-D282-4DE9-A17B-4BAA39041384}.Release|x64.ActiveCfg = Release|Any CPU
		{0CF98307-D282-4DE9-A17B-4BAA39041384}.Release|x64.Build.0 = Release|Any CPU
		{0CF98307-D282-4DE9-A17B-4BAA39041384}.Release|x86.ActiveCfg = Release|Any CPU
		{0CF98307-D282-4DE9-A17B-4BAA39041384}.Release|x86.Build.0 = Release|Any CPU
		{9798357F-316C-45C0-9A89-C40A04494C43}.Debug|Any CPU.ActiveCfg = Debug|Any CPU
		{9798357F-316C-45C0-9A89-C40A04494C43}.Debug|Any CPU.Build.0 = Debug|Any CPU
		{9798357F-316C-45C0-9A89-C40A04494C43}.Debug|x64.ActiveCfg = Debug|Any CPU
		{9798357F-316C-45C0-9A89-C40A04494C43}.Debug|x64.Build.0 = Debug|Any CPU
		{9798357F-316C-45C0-9A89-C40A04494C43}.Debug|x86.ActiveCfg = Debug|Any CPU
		{9798357F-316C-45C0-9A89-C40A04494C43}.Debug|x86.Build.0 = Debug|Any CPU
		{9798357F-316C-45C0-9A89-C40A04494C43}.Release|Any CPU.ActiveCfg = Release|Any CPU
		{9798357F-316C-45C0-9A89-C40A04494C43}.Release|Any CPU.Build.0 = Release|Any CPU
		{9798357F-316C-45C0-9A89-C40A04494C43}.Release|x64.ActiveCfg = Release|Any CPU
		{9798357F-316C-45C0-9A89-C40A04494C43}.Release|x64.Build.0 = Release|Any CPU
		{9798357F-316C-45C0-9A89-C40A04494C43}.Release|x86.ActiveCfg = Release|Any CPU
		{9798357F-316C-45C0-9A89-C40A04494C43}.Release|x86.Build.0 = Release|Any CPU
		{D029B3C6-D965-4044-A0E0-27EFC75C7CFD}.Debug|Any CPU.ActiveCfg = Debug|Any CPU
		{D029B3C6-D965-4044-A0E0-27EFC75C7CFD}.Debug|Any CPU.Build.0 = Debug|Any CPU
		{D029B3C6-D965-4044-A0E0-27EFC75C7CFD}.Debug|x64.ActiveCfg = Debug|Any CPU
		{D029B3C6-D965-4044-A0E0-27EFC75C7CFD}.Debug|x64.Build.0 = Debug|Any CPU
		{D029B3C6-D965-4044-A0E0-27EFC75C7CFD}.Debug|x86.ActiveCfg = Debug|Any CPU
		{D029B3C6-D965-4044-A0E0-27EFC75C7CFD}.Debug|x86.Build.0 = Debug|Any CPU
		{D029B3C6-D965-4044-A0E0-27EFC75C7CFD}.Release|Any CPU.ActiveCfg = Release|Any CPU
		{D029B3C6-D965-4044-A0E0-27EFC75C7CFD}.Release|Any CPU.Build.0 = Release|Any CPU
		{D029B3C6-D965-4044-A0E0-27EFC75C7CFD}.Release|x64.ActiveCfg = Release|Any CPU
		{D029B3C6-D965-4044-A0E0-27EFC75C7CFD}.Release|x64.Build.0 = Release|Any CPU
		{D029B3C6-D965-4044-A0E0-27EFC75C7CFD}.Release|x86.ActiveCfg = Release|Any CPU
		{D029B3C6-D965-4044-A0E0-27EFC75C7CFD}.Release|x86.Build.0 = Release|Any CPU
		{6A89B7CC-A6C0-454D-9B76-59BCA60F78C7}.Debug|Any CPU.ActiveCfg = Debug|Any CPU
		{6A89B7CC-A6C0-454D-9B76-59BCA60F78C7}.Debug|Any CPU.Build.0 = Debug|Any CPU
		{6A89B7CC-A6C0-454D-9B76-59BCA60F78C7}.Debug|x64.ActiveCfg = Debug|Any CPU
		{6A89B7CC-A6C0-454D-9B76-59BCA60F78C7}.Debug|x64.Build.0 = Debug|Any CPU
		{6A89B7CC-A6C0-454D-9B76-59BCA60F78C7}.Debug|x86.ActiveCfg = Debug|Any CPU
		{6A89B7CC-A6C0-454D-9B76-59BCA60F78C7}.Debug|x86.Build.0 = Debug|Any CPU
		{6A89B7CC-A6C0-454D-9B76-59BCA60F78C7}.Release|Any CPU.ActiveCfg = Release|Any CPU
		{6A89B7CC-A6C0-454D-9B76-59BCA60F78C7}.Release|Any CPU.Build.0 = Release|Any CPU
		{6A89B7CC-A6C0-454D-9B76-59BCA60F78C7}.Release|x64.ActiveCfg = Release|Any CPU
		{6A89B7CC-A6C0-454D-9B76-59BCA60F78C7}.Release|x64.Build.0 = Release|Any CPU
		{6A89B7CC-A6C0-454D-9B76-59BCA60F78C7}.Release|x86.ActiveCfg = Release|Any CPU
		{6A89B7CC-A6C0-454D-9B76-59BCA60F78C7}.Release|x86.Build.0 = Release|Any CPU
		{CF574083-F711-43CD-9C77-F51125FEA5E3}.Debug|Any CPU.ActiveCfg = Debug|Any CPU
		{CF574083-F711-43CD-9C77-F51125FEA5E3}.Debug|Any CPU.Build.0 = Debug|Any CPU
		{CF574083-F711-43CD-9C77-F51125FEA5E3}.Debug|x64.ActiveCfg = Debug|Any CPU
		{CF574083-F711-43CD-9C77-F51125FEA5E3}.Debug|x64.Build.0 = Debug|Any CPU
		{CF574083-F711-43CD-9C77-F51125FEA5E3}.Debug|x86.ActiveCfg = Debug|Any CPU
		{CF574083-F711-43CD-9C77-F51125FEA5E3}.Debug|x86.Build.0 = Debug|Any CPU
		{CF574083-F711-43CD-9C77-F51125FEA5E3}.Release|Any CPU.ActiveCfg = Release|Any CPU
		{CF574083-F711-43CD-9C77-F51125FEA5E3}.Release|Any CPU.Build.0 = Release|Any CPU
		{CF574083-F711-43CD-9C77-F51125FEA5E3}.Release|x64.ActiveCfg = Release|Any CPU
		{CF574083-F711-43CD-9C77-F51125FEA5E3}.Release|x64.Build.0 = Release|Any CPU
		{CF574083-F711-43CD-9C77-F51125FEA5E3}.Release|x86.ActiveCfg = Release|Any CPU
		{CF574083-F711-43CD-9C77-F51125FEA5E3}.Release|x86.Build.0 = Release|Any CPU
		{407C5B77-F3B0-4ECB-A99A-E592C0678E47}.Debug|Any CPU.ActiveCfg = Debug|Any CPU
		{407C5B77-F3B0-4ECB-A99A-E592C0678E47}.Debug|Any CPU.Build.0 = Debug|Any CPU
		{407C5B77-F3B0-4ECB-A99A-E592C0678E47}.Debug|x64.ActiveCfg = Debug|Any CPU
		{407C5B77-F3B0-4ECB-A99A-E592C0678E47}.Debug|x64.Build.0 = Debug|Any CPU
		{407C5B77-F3B0-4ECB-A99A-E592C0678E47}.Debug|x86.ActiveCfg = Debug|Any CPU
		{407C5B77-F3B0-4ECB-A99A-E592C0678E47}.Debug|x86.Build.0 = Debug|Any CPU
		{407C5B77-F3B0-4ECB-A99A-E592C0678E47}.Release|Any CPU.ActiveCfg = Release|Any CPU
		{407C5B77-F3B0-4ECB-A99A-E592C0678E47}.Release|Any CPU.Build.0 = Release|Any CPU
		{407C5B77-F3B0-4ECB-A99A-E592C0678E47}.Release|x64.ActiveCfg = Release|Any CPU
		{407C5B77-F3B0-4ECB-A99A-E592C0678E47}.Release|x64.Build.0 = Release|Any CPU
		{407C5B77-F3B0-4ECB-A99A-E592C0678E47}.Release|x86.ActiveCfg = Release|Any CPU
		{407C5B77-F3B0-4ECB-A99A-E592C0678E47}.Release|x86.Build.0 = Release|Any CPU
		{38C431A7-9CD0-45B8-A3A1-BA71CE542B3C}.Debug|Any CPU.ActiveCfg = Debug|Any CPU
		{38C431A7-9CD0-45B8-A3A1-BA71CE542B3C}.Debug|Any CPU.Build.0 = Debug|Any CPU
		{38C431A7-9CD0-45B8-A3A1-BA71CE542B3C}.Debug|x64.ActiveCfg = Debug|Any CPU
		{38C431A7-9CD0-45B8-A3A1-BA71CE542B3C}.Debug|x64.Build.0 = Debug|Any CPU
		{38C431A7-9CD0-45B8-A3A1-BA71CE542B3C}.Debug|x86.ActiveCfg = Debug|Any CPU
		{38C431A7-9CD0-45B8-A3A1-BA71CE542B3C}.Debug|x86.Build.0 = Debug|Any CPU
		{38C431A7-9CD0-45B8-A3A1-BA71CE542B3C}.Release|Any CPU.ActiveCfg = Release|Any CPU
		{38C431A7-9CD0-45B8-A3A1-BA71CE542B3C}.Release|Any CPU.Build.0 = Release|Any CPU
		{38C431A7-9CD0-45B8-A3A1-BA71CE542B3C}.Release|x64.ActiveCfg = Release|Any CPU
		{38C431A7-9CD0-45B8-A3A1-BA71CE542B3C}.Release|x64.Build.0 = Release|Any CPU
		{38C431A7-9CD0-45B8-A3A1-BA71CE542B3C}.Release|x86.ActiveCfg = Release|Any CPU
		{38C431A7-9CD0-45B8-A3A1-BA71CE542B3C}.Release|x86.Build.0 = Release|Any CPU
	EndGlobalSection
	GlobalSection(SolutionProperties) = preSolution
		HideSolutionNode = FALSE
	EndGlobalSection
	GlobalSection(NestedProjects) = preSolution
		{0CF98307-D282-4DE9-A17B-4BAA39041384} = {A0B22A16-88D7-4C0C-AD08-97AC8C06AF87}
		{9798357F-316C-45C0-9A89-C40A04494C43} = {A0B22A16-88D7-4C0C-AD08-97AC8C06AF87}
		{CF574083-F711-43CD-9C77-F51125FEA5E3} = {A0B22A16-88D7-4C0C-AD08-97AC8C06AF87}
		{407C5B77-F3B0-4ECB-A99A-E592C0678E47} = {A0B22A16-88D7-4C0C-AD08-97AC8C06AF87}
		{38C431A7-9CD0-45B8-A3A1-BA71CE542B3C} = {A0B22A16-88D7-4C0C-AD08-97AC8C06AF87}
	EndGlobalSection
	GlobalSection(ExtensibilityGlobals) = postSolution
		SolutionGuid = {EBCBB55F-8B85-4296-B268-D2922E012ACA}
	EndGlobalSection
EndGlobal
