
Microsoft Visual Studio Solution File, Format Version 12.00
# Visual Studio Version 16
VisualStudioVersion = 16.6.30114.105
MinimumVisualStudioVersion = 10.0.40219.1
Project("{FAE04EC0-301F-11D3-BF4B-00C04F79EFBC}") = "R5T.D0106.Construction", "R5T.D0106.Construction\R5T.D0106.Construction.csproj", "{1A316F90-7D1C-4F91-A647-88E0013DA3A1}"
EndProject
Project("{2150E333-8FDC-42A3-9474-1A3956D46DE8}") = "_Dependencies", "_Dependencies", "{4240634F-377E-4A3E-A871-292100AB6C45}"
EndProject
Project("{FAE04EC0-301F-11D3-BF4B-00C04F79EFBC}") = "R5T.Plymouth.ProgramAsAService", "..\..\R5T.Plymouth\source\R5T.Plymouth.ProgramAsAService\R5T.Plymouth.ProgramAsAService.csproj", "{C079481C-A193-44C2-8E55-709F784500FF}"
EndProject
Project("{FAE04EC0-301F-11D3-BF4B-00C04F79EFBC}") = "R5T.T0027.T009", "..\..\R5T.T0027\source\R5T.T0027.T009\R5T.T0027.T009.csproj", "{9979BA66-F318-45EB-BF13-530294540A16}"
EndProject
Project("{FAE04EC0-301F-11D3-BF4B-00C04F79EFBC}") = "R5T.D0106.I001", "R5T.D0106.I001\R5T.D0106.I001.csproj", "{CB6E35BC-F164-4769-A786-B0CF23017F65}"
EndProject
Project("{FAE04EC0-301F-11D3-BF4B-00C04F79EFBC}") = "R5T.D0106.Base", "R5T.D0106.Base\R5T.D0106.Base.csproj", "{FED331E3-7710-43D2-8879-59B214AD20F0}"
EndProject
Project("{FAE04EC0-301F-11D3-BF4B-00C04F79EFBC}") = "R5T.Dacia.Extensions", "..\..\R5T.Dacia.Extensions\source\R5T.Dacia.Extensions\R5T.Dacia.Extensions.csproj", "{8FD714F9-7672-4B26-A2D7-8876BE06E369}"
EndProject
Project("{FAE04EC0-301F-11D3-BF4B-00C04F79EFBC}") = "R5T.Dacia.T002", "..\..\R5T.Dacia\source\R5T.Dacia.T002\R5T.Dacia.T002.csproj", "{CED72DEF-92C7-4B5F-B9C1-88322B4EF6F6}"
EndProject
Global
	GlobalSection(SolutionConfigurationPlatforms) = preSolution
		Debug|Any CPU = Debug|Any CPU
		Debug|x64 = Debug|x64
		Debug|x86 = Debug|x86
		Release|Any CPU = Release|Any CPU
		Release|x64 = Release|x64
		Release|x86 = Release|x86
	EndGlobalSection
	GlobalSection(SolutionProperties) = preSolution
		HideSolutionNode = FALSE
	EndGlobalSection
	GlobalSection(ProjectConfigurationPlatforms) = postSolution
		{1A316F90-7D1C-4F91-A647-88E0013DA3A1}.Debug|Any CPU.ActiveCfg = Debug|Any CPU
		{1A316F90-7D1C-4F91-A647-88E0013DA3A1}.Debug|Any CPU.Build.0 = Debug|Any CPU
		{1A316F90-7D1C-4F91-A647-88E0013DA3A1}.Debug|x64.ActiveCfg = Debug|Any CPU
		{1A316F90-7D1C-4F91-A647-88E0013DA3A1}.Debug|x64.Build.0 = Debug|Any CPU
		{1A316F90-7D1C-4F91-A647-88E0013DA3A1}.Debug|x86.ActiveCfg = Debug|Any CPU
		{1A316F90-7D1C-4F91-A647-88E0013DA3A1}.Debug|x86.Build.0 = Debug|Any CPU
		{1A316F90-7D1C-4F91-A647-88E0013DA3A1}.Release|Any CPU.ActiveCfg = Release|Any CPU
		{1A316F90-7D1C-4F91-A647-88E0013DA3A1}.Release|Any CPU.Build.0 = Release|Any CPU
		{1A316F90-7D1C-4F91-A647-88E0013DA3A1}.Release|x64.ActiveCfg = Release|Any CPU
		{1A316F90-7D1C-4F91-A647-88E0013DA3A1}.Release|x64.Build.0 = Release|Any CPU
		{1A316F90-7D1C-4F91-A647-88E0013DA3A1}.Release|x86.ActiveCfg = Release|Any CPU
		{1A316F90-7D1C-4F91-A647-88E0013DA3A1}.Release|x86.Build.0 = Release|Any CPU
		{C079481C-A193-44C2-8E55-709F784500FF}.Debug|Any CPU.ActiveCfg = Debug|Any CPU
		{C079481C-A193-44C2-8E55-709F784500FF}.Debug|Any CPU.Build.0 = Debug|Any CPU
		{C079481C-A193-44C2-8E55-709F784500FF}.Debug|x64.ActiveCfg = Debug|Any CPU
		{C079481C-A193-44C2-8E55-709F784500FF}.Debug|x64.Build.0 = Debug|Any CPU
		{C079481C-A193-44C2-8E55-709F784500FF}.Debug|x86.ActiveCfg = Debug|Any CPU
		{C079481C-A193-44C2-8E55-709F784500FF}.Debug|x86.Build.0 = Debug|Any CPU
		{C079481C-A193-44C2-8E55-709F784500FF}.Release|Any CPU.ActiveCfg = Release|Any CPU
		{C079481C-A193-44C2-8E55-709F784500FF}.Release|Any CPU.Build.0 = Release|Any CPU
		{C079481C-A193-44C2-8E55-709F784500FF}.Release|x64.ActiveCfg = Release|Any CPU
		{C079481C-A193-44C2-8E55-709F784500FF}.Release|x64.Build.0 = Release|Any CPU
		{C079481C-A193-44C2-8E55-709F784500FF}.Release|x86.ActiveCfg = Release|Any CPU
		{C079481C-A193-44C2-8E55-709F784500FF}.Release|x86.Build.0 = Release|Any CPU
		{9979BA66-F318-45EB-BF13-530294540A16}.Debug|Any CPU.ActiveCfg = Debug|Any CPU
		{9979BA66-F318-45EB-BF13-530294540A16}.Debug|Any CPU.Build.0 = Debug|Any CPU
		{9979BA66-F318-45EB-BF13-530294540A16}.Debug|x64.ActiveCfg = Debug|Any CPU
		{9979BA66-F318-45EB-BF13-530294540A16}.Debug|x64.Build.0 = Debug|Any CPU
		{9979BA66-F318-45EB-BF13-530294540A16}.Debug|x86.ActiveCfg = Debug|Any CPU
		{9979BA66-F318-45EB-BF13-530294540A16}.Debug|x86.Build.0 = Debug|Any CPU
		{9979BA66-F318-45EB-BF13-530294540A16}.Release|Any CPU.ActiveCfg = Release|Any CPU
		{9979BA66-F318-45EB-BF13-530294540A16}.Release|Any CPU.Build.0 = Release|Any CPU
		{9979BA66-F318-45EB-BF13-530294540A16}.Release|x64.ActiveCfg = Release|Any CPU
		{9979BA66-F318-45EB-BF13-530294540A16}.Release|x64.Build.0 = Release|Any CPU
		{9979BA66-F318-45EB-BF13-530294540A16}.Release|x86.ActiveCfg = Release|Any CPU
		{9979BA66-F318-45EB-BF13-530294540A16}.Release|x86.Build.0 = Release|Any CPU
		{CB6E35BC-F164-4769-A786-B0CF23017F65}.Debug|Any CPU.ActiveCfg = Debug|Any CPU
		{CB6E35BC-F164-4769-A786-B0CF23017F65}.Debug|Any CPU.Build.0 = Debug|Any CPU
		{CB6E35BC-F164-4769-A786-B0CF23017F65}.Debug|x64.ActiveCfg = Debug|Any CPU
		{CB6E35BC-F164-4769-A786-B0CF23017F65}.Debug|x64.Build.0 = Debug|Any CPU
		{CB6E35BC-F164-4769-A786-B0CF23017F65}.Debug|x86.ActiveCfg = Debug|Any CPU
		{CB6E35BC-F164-4769-A786-B0CF23017F65}.Debug|x86.Build.0 = Debug|Any CPU
		{CB6E35BC-F164-4769-A786-B0CF23017F65}.Release|Any CPU.ActiveCfg = Release|Any CPU
		{CB6E35BC-F164-4769-A786-B0CF23017F65}.Release|Any CPU.Build.0 = Release|Any CPU
		{CB6E35BC-F164-4769-A786-B0CF23017F65}.Release|x64.ActiveCfg = Release|Any CPU
		{CB6E35BC-F164-4769-A786-B0CF23017F65}.Release|x64.Build.0 = Release|Any CPU
		{CB6E35BC-F164-4769-A786-B0CF23017F65}.Release|x86.ActiveCfg = Release|Any CPU
		{CB6E35BC-F164-4769-A786-B0CF23017F65}.Release|x86.Build.0 = Release|Any CPU
		{FED331E3-7710-43D2-8879-59B214AD20F0}.Debug|Any CPU.ActiveCfg = Debug|Any CPU
		{FED331E3-7710-43D2-8879-59B214AD20F0}.Debug|Any CPU.Build.0 = Debug|Any CPU
		{FED331E3-7710-43D2-8879-59B214AD20F0}.Debug|x64.ActiveCfg = Debug|Any CPU
		{FED331E3-7710-43D2-8879-59B214AD20F0}.Debug|x64.Build.0 = Debug|Any CPU
		{FED331E3-7710-43D2-8879-59B214AD20F0}.Debug|x86.ActiveCfg = Debug|Any CPU
		{FED331E3-7710-43D2-8879-59B214AD20F0}.Debug|x86.Build.0 = Debug|Any CPU
		{FED331E3-7710-43D2-8879-59B214AD20F0}.Release|Any CPU.ActiveCfg = Release|Any CPU
		{FED331E3-7710-43D2-8879-59B214AD20F0}.Release|Any CPU.Build.0 = Release|Any CPU
		{FED331E3-7710-43D2-8879-59B214AD20F0}.Release|x64.ActiveCfg = Release|Any CPU
		{FED331E3-7710-43D2-8879-59B214AD20F0}.Release|x64.Build.0 = Release|Any CPU
		{FED331E3-7710-43D2-8879-59B214AD20F0}.Release|x86.ActiveCfg = Release|Any CPU
		{FED331E3-7710-43D2-8879-59B214AD20F0}.Release|x86.Build.0 = Release|Any CPU
		{8FD714F9-7672-4B26-A2D7-8876BE06E369}.Debug|Any CPU.ActiveCfg = Debug|Any CPU
		{8FD714F9-7672-4B26-A2D7-8876BE06E369}.Debug|Any CPU.Build.0 = Debug|Any CPU
		{8FD714F9-7672-4B26-A2D7-8876BE06E369}.Debug|x64.ActiveCfg = Debug|Any CPU
		{8FD714F9-7672-4B26-A2D7-8876BE06E369}.Debug|x64.Build.0 = Debug|Any CPU
		{8FD714F9-7672-4B26-A2D7-8876BE06E369}.Debug|x86.ActiveCfg = Debug|Any CPU
		{8FD714F9-7672-4B26-A2D7-8876BE06E369}.Debug|x86.Build.0 = Debug|Any CPU
		{8FD714F9-7672-4B26-A2D7-8876BE06E369}.Release|Any CPU.ActiveCfg = Release|Any CPU
		{8FD714F9-7672-4B26-A2D7-8876BE06E369}.Release|Any CPU.Build.0 = Release|Any CPU
		{8FD714F9-7672-4B26-A2D7-8876BE06E369}.Release|x64.ActiveCfg = Release|Any CPU
		{8FD714F9-7672-4B26-A2D7-8876BE06E369}.Release|x64.Build.0 = Release|Any CPU
		{8FD714F9-7672-4B26-A2D7-8876BE06E369}.Release|x86.ActiveCfg = Release|Any CPU
		{8FD714F9-7672-4B26-A2D7-8876BE06E369}.Release|x86.Build.0 = Release|Any CPU
		{CED72DEF-92C7-4B5F-B9C1-88322B4EF6F6}.Debug|Any CPU.ActiveCfg = Debug|Any CPU
		{CED72DEF-92C7-4B5F-B9C1-88322B4EF6F6}.Debug|Any CPU.Build.0 = Debug|Any CPU
		{CED72DEF-92C7-4B5F-B9C1-88322B4EF6F6}.Debug|x64.ActiveCfg = Debug|Any CPU
		{CED72DEF-92C7-4B5F-B9C1-88322B4EF6F6}.Debug|x64.Build.0 = Debug|Any CPU
		{CED72DEF-92C7-4B5F-B9C1-88322B4EF6F6}.Debug|x86.ActiveCfg = Debug|Any CPU
		{CED72DEF-92C7-4B5F-B9C1-88322B4EF6F6}.Debug|x86.Build.0 = Debug|Any CPU
		{CED72DEF-92C7-4B5F-B9C1-88322B4EF6F6}.Release|Any CPU.ActiveCfg = Release|Any CPU
		{CED72DEF-92C7-4B5F-B9C1-88322B4EF6F6}.Release|Any CPU.Build.0 = Release|Any CPU
		{CED72DEF-92C7-4B5F-B9C1-88322B4EF6F6}.Release|x64.ActiveCfg = Release|Any CPU
		{CED72DEF-92C7-4B5F-B9C1-88322B4EF6F6}.Release|x64.Build.0 = Release|Any CPU
		{CED72DEF-92C7-4B5F-B9C1-88322B4EF6F6}.Release|x86.ActiveCfg = Release|Any CPU
		{CED72DEF-92C7-4B5F-B9C1-88322B4EF6F6}.Release|x86.Build.0 = Release|Any CPU
	EndGlobalSection
	GlobalSection(NestedProjects) = preSolution
		{C079481C-A193-44C2-8E55-709F784500FF} = {4240634F-377E-4A3E-A871-292100AB6C45}
		{9979BA66-F318-45EB-BF13-530294540A16} = {4240634F-377E-4A3E-A871-292100AB6C45}
		{8FD714F9-7672-4B26-A2D7-8876BE06E369} = {4240634F-377E-4A3E-A871-292100AB6C45}
		{CED72DEF-92C7-4B5F-B9C1-88322B4EF6F6} = {4240634F-377E-4A3E-A871-292100AB6C45}
	EndGlobalSection
EndGlobal
