
Microsoft Visual Studio Solution File, Format Version 12.00
# Visual Studio Version 16
VisualStudioVersion = 16.0.30114.105
MinimumVisualStudioVersion = 10.0.40219.1
Project("{FAE04EC0-301F-11D3-BF4B-00C04F79EFBC}") = "R5T.D0106.A001", "R5T.D0106.A001\R5T.D0106.A001.csproj", "{EEB4A54E-9E9C-4CB6-917D-13769536EA79}"
EndProject
Project("{FAE04EC0-301F-11D3-BF4B-00C04F79EFBC}") = "R5T.D0106.Base", "R5T.D0106.Base\R5T.D0106.Base.csproj", "{43887937-836C-42B2-BB55-665FC16A775A}"
EndProject
Project("{FAE04EC0-301F-11D3-BF4B-00C04F79EFBC}") = "R5T.D0106.Construction", "R5T.D0106.Construction\R5T.D0106.Construction.csproj", "{072D1C0B-E1B1-4B37-B7FD-BB556CF62B44}"
EndProject
Project("{FAE04EC0-301F-11D3-BF4B-00C04F79EFBC}") = "R5T.D0106.D002.Base", "R5T.D0106.D002.Base\R5T.D0106.D002.Base.csproj", "{D255D706-7EB5-4F5E-B290-9C22AA278C73}"
EndProject
Project("{FAE04EC0-301F-11D3-BF4B-00C04F79EFBC}") = "R5T.D0106.D002.I001", "R5T.D0106.D002.I001\R5T.D0106.D002.I001.csproj", "{4C84152B-AEAB-4C86-BD33-94B709E002AB}"
EndProject
Project("{FAE04EC0-301F-11D3-BF4B-00C04F79EFBC}") = "R5T.D0106.I001", "R5T.D0106.I001\R5T.D0106.I001.csproj", "{E0CA3404-BF94-460F-AA4E-EF1F014DCDE5}"
EndProject
Global
	GlobalSection(SolutionConfigurationPlatforms) = preSolution
		Debug|Any CPU = Debug|Any CPU
		Debug|x64 = Debug|x64
		Debug|x86 = Debug|x86
		Release|Any CPU = Release|Any CPU
		Release|x64 = Release|x64
		Release|x86 = Release|x86
	EndGlobalSection
	GlobalSection(SolutionProperties) = preSolution
		HideSolutionNode = FALSE
	EndGlobalSection
	GlobalSection(ProjectConfigurationPlatforms) = postSolution
		{EEB4A54E-9E9C-4CB6-917D-13769536EA79}.Debug|Any CPU.ActiveCfg = Debug|Any CPU
		{EEB4A54E-9E9C-4CB6-917D-13769536EA79}.Debug|Any CPU.Build.0 = Debug|Any CPU
		{EEB4A54E-9E9C-4CB6-917D-13769536EA79}.Debug|x64.ActiveCfg = Debug|Any CPU
		{EEB4A54E-9E9C-4CB6-917D-13769536EA79}.Debug|x64.Build.0 = Debug|Any CPU
		{EEB4A54E-9E9C-4CB6-917D-13769536EA79}.Debug|x86.ActiveCfg = Debug|Any CPU
		{EEB4A54E-9E9C-4CB6-917D-13769536EA79}.Debug|x86.Build.0 = Debug|Any CPU
		{EEB4A54E-9E9C-4CB6-917D-13769536EA79}.Release|Any CPU.ActiveCfg = Release|Any CPU
		{EEB4A54E-9E9C-4CB6-917D-13769536EA79}.Release|Any CPU.Build.0 = Release|Any CPU
		{EEB4A54E-9E9C-4CB6-917D-13769536EA79}.Release|x64.ActiveCfg = Release|Any CPU
		{EEB4A54E-9E9C-4CB6-917D-13769536EA79}.Release|x64.Build.0 = Release|Any CPU
		{EEB4A54E-9E9C-4CB6-917D-13769536EA79}.Release|x86.ActiveCfg = Release|Any CPU
		{EEB4A54E-9E9C-4CB6-917D-13769536EA79}.Release|x86.Build.0 = Release|Any CPU
		{43887937-836C-42B2-BB55-665FC16A775A}.Debug|Any CPU.ActiveCfg = Debug|Any CPU
		{43887937-836C-42B2-BB55-665FC16A775A}.Debug|Any CPU.Build.0 = Debug|Any CPU
		{43887937-836C-42B2-BB55-665FC16A775A}.Debug|x64.ActiveCfg = Debug|Any CPU
		{43887937-836C-42B2-BB55-665FC16A775A}.Debug|x64.Build.0 = Debug|Any CPU
		{43887937-836C-42B2-BB55-665FC16A775A}.Debug|x86.ActiveCfg = Debug|Any CPU
		{43887937-836C-42B2-BB55-665FC16A775A}.Debug|x86.Build.0 = Debug|Any CPU
		{43887937-836C-42B2-BB55-665FC16A775A}.Release|Any CPU.ActiveCfg = Release|Any CPU
		{43887937-836C-42B2-BB55-665FC16A775A}.Release|Any CPU.Build.0 = Release|Any CPU
		{43887937-836C-42B2-BB55-665FC16A775A}.Release|x64.ActiveCfg = Release|Any CPU
		{43887937-836C-42B2-BB55-665FC16A775A}.Release|x64.Build.0 = Release|Any CPU
		{43887937-836C-42B2-BB55-665FC16A775A}.Release|x86.ActiveCfg = Release|Any CPU
		{43887937-836C-42B2-BB55-665FC16A775A}.Release|x86.Build.0 = Release|Any CPU
		{072D1C0B-E1B1-4B37-B7FD-BB556CF62B44}.Debug|Any CPU.ActiveCfg = Debug|Any CPU
		{072D1C0B-E1B1-4B37-B7FD-BB556CF62B44}.Debug|Any CPU.Build.0 = Debug|Any CPU
		{072D1C0B-E1B1-4B37-B7FD-BB556CF62B44}.Debug|x64.ActiveCfg = Debug|Any CPU
		{072D1C0B-E1B1-4B37-B7FD-BB556CF62B44}.Debug|x64.Build.0 = Debug|Any CPU
		{072D1C0B-E1B1-4B37-B7FD-BB556CF62B44}.Debug|x86.ActiveCfg = Debug|Any CPU
		{072D1C0B-E1B1-4B37-B7FD-BB556CF62B44}.Debug|x86.Build.0 = Debug|Any CPU
		{072D1C0B-E1B1-4B37-B7FD-BB556CF62B44}.Release|Any CPU.ActiveCfg = Release|Any CPU
		{072D1C0B-E1B1-4B37-B7FD-BB556CF62B44}.Release|Any CPU.Build.0 = Release|Any CPU
		{072D1C0B-E1B1-4B37-B7FD-BB556CF62B44}.Release|x64.ActiveCfg = Release|Any CPU
		{072D1C0B-E1B1-4B37-B7FD-BB556CF62B44}.Release|x64.Build.0 = Release|Any CPU
		{072D1C0B-E1B1-4B37-B7FD-BB556CF62B44}.Release|x86.ActiveCfg = Release|Any CPU
		{072D1C0B-E1B1-4B37-B7FD-BB556CF62B44}.Release|x86.Build.0 = Release|Any CPU
		{D255D706-7EB5-4F5E-B290-9C22AA278C73}.Debug|Any CPU.ActiveCfg = Debug|Any CPU
		{D255D706-7EB5-4F5E-B290-9C22AA278C73}.Debug|Any CPU.Build.0 = Debug|Any CPU
		{D255D706-7EB5-4F5E-B290-9C22AA278C73}.Debug|x64.ActiveCfg = Debug|Any CPU
		{D255D706-7EB5-4F5E-B290-9C22AA278C73}.Debug|x64.Build.0 = Debug|Any CPU
		{D255D706-7EB5-4F5E-B290-9C22AA278C73}.Debug|x86.ActiveCfg = Debug|Any CPU
		{D255D706-7EB5-4F5E-B290-9C22AA278C73}.Debug|x86.Build.0 = Debug|Any CPU
		{D255D706-7EB5-4F5E-B290-9C22AA278C73}.Release|Any CPU.ActiveCfg = Release|Any CPU
		{D255D706-7EB5-4F5E-B290-9C22AA278C73}.Release|Any CPU.Build.0 = Release|Any CPU
		{D255D706-7EB5-4F5E-B290-9C22AA278C73}.Release|x64.ActiveCfg = Release|Any CPU
		{D255D706-7EB5-4F5E-B290-9C22AA278C73}.Release|x64.Build.0 = Release|Any CPU
		{D255D706-7EB5-4F5E-B290-9C22AA278C73}.Release|x86.ActiveCfg = Release|Any CPU
		{D255D706-7EB5-4F5E-B290-9C22AA278C73}.Release|x86.Build.0 = Release|Any CPU
		{4C84152B-AEAB-4C86-BD33-94B709E002AB}.Debug|Any CPU.ActiveCfg = Debug|Any CPU
		{4C84152B-AEAB-4C86-BD33-94B709E002AB}.Debug|Any CPU.Build.0 = Debug|Any CPU
		{4C84152B-AEAB-4C86-BD33-94B709E002AB}.Debug|x64.ActiveCfg = Debug|Any CPU
		{4C84152B-AEAB-4C86-BD33-94B709E002AB}.Debug|x64.Build.0 = Debug|Any CPU
		{4C84152B-AEAB-4C86-BD33-94B709E002AB}.Debug|x86.ActiveCfg = Debug|Any CPU
		{4C84152B-AEAB-4C86-BD33-94B709E002AB}.Debug|x86.Build.0 = Debug|Any CPU
		{4C84152B-AEAB-4C86-BD33-94B709E002AB}.Release|Any CPU.ActiveCfg = Release|Any CPU
		{4C84152B-AEAB-4C86-BD33-94B709E002AB}.Release|Any CPU.Build.0 = Release|Any CPU
		{4C84152B-AEAB-4C86-BD33-94B709E002AB}.Release|x64.ActiveCfg = Release|Any CPU
		{4C84152B-AEAB-4C86-BD33-94B709E002AB}.Release|x64.Build.0 = Release|Any CPU
		{4C84152B-AEAB-4C86-BD33-94B709E002AB}.Release|x86.ActiveCfg = Release|Any CPU
		{4C84152B-AEAB-4C86-BD33-94B709E002AB}.Release|x86.Build.0 = Release|Any CPU
		{E0CA3404-BF94-460F-AA4E-EF1F014DCDE5}.Debug|Any CPU.ActiveCfg = Debug|Any CPU
		{E0CA3404-BF94-460F-AA4E-EF1F014DCDE5}.Debug|Any CPU.Build.0 = Debug|Any CPU
		{E0CA3404-BF94-460F-AA4E-EF1F014DCDE5}.Debug|x64.ActiveCfg = Debug|Any CPU
		{E0CA3404-BF94-460F-AA4E-EF1F014DCDE5}.Debug|x64.Build.0 = Debug|Any CPU
		{E0CA3404-BF94-460F-AA4E-EF1F014DCDE5}.Debug|x86.ActiveCfg = Debug|Any CPU
		{E0CA3404-BF94-460F-AA4E-EF1F014DCDE5}.Debug|x86.Build.0 = Debug|Any CPU
		{E0CA3404-BF94-460F-AA4E-EF1F014DCDE5}.Release|Any CPU.ActiveCfg = Release|Any CPU
		{E0CA3404-BF94-460F-AA4E-EF1F014DCDE5}.Release|Any CPU.Build.0 = Release|Any CPU
		{E0CA3404-BF94-460F-AA4E-EF1F014DCDE5}.Release|x64.ActiveCfg = Release|Any CPU
		{E0CA3404-BF94-460F-AA4E-EF1F014DCDE5}.Release|x64.Build.0 = Release|Any CPU
		{E0CA3404-BF94-460F-AA4E-EF1F014DCDE5}.Release|x86.ActiveCfg = Release|Any CPU
		{E0CA3404-BF94-460F-AA4E-EF1F014DCDE5}.Release|x86.Build.0 = Release|Any CPU
	EndGlobalSection
EndGlobal
